
Microsoft Visual Studio Solution File, Format Version 12.00
# Visual Studio Version 17
VisualStudioVersion = 17.8.34511.84
MinimumVisualStudioVersion = 10.0.40219.1
Project("{9A19103F-16F7-4668-BE54-9A1E7A4F7556}") = "RE_House_Bot_Configuration", "RE_House_Bot_Configuration\RE_House_Bot_Configuration.csproj", "{D74634DF-9185-4AC3-9845-AB8F5CA4B06C}"
EndProject
Global
	GlobalSection(SolutionConfigurationPlatforms) = preSolution
		Debug|Any CPU = Debug|Any CPU
		Release|Any CPU = Release|Any CPU
	EndGlobalSection
	GlobalSection(ProjectConfigurationPlatforms) = postSolution
		{D74634DF-9185-4AC3-9845-AB8F5CA4B06C}.Debug|Any CPU.ActiveCfg = Debug|Any CPU
		{D74634DF-9185-4AC3-9845-AB8F5CA4B06C}.Debug|Any CPU.Build.0 = Debug|Any CPU
		{D74634DF-9185-4AC3-9845-AB8F5CA4B06C}.Release|Any CPU.ActiveCfg = Release|Any CPU
		{D74634DF-9185-4AC3-9845-AB8F5CA4B06C}.Release|Any CPU.Build.0 = Release|Any CPU
	EndGlobalSection
	GlobalSection(SolutionProperties) = preSolution
		HideSolutionNode = FALSE
	EndGlobalSection
	GlobalSection(ExtensibilityGlobals) = postSolution
		SolutionGuid = {1643E9E9-0C18-4996-866F-C22B9B611C7D}
	EndGlobalSection
EndGlobal
